// !$*UTF8*$!
{
	archiveVersion = 1;
	classes = {
	};
	objectVersion = 50;
	objects = {

/* Begin PBXBuildFile section */
		6A03269324ED8D0F005D0621 /* CategoryCollectionCell.swift in Sources */ = {isa = PBXBuildFile; fileRef = 6A03269124ED8D0F005D0621 /* CategoryCollectionCell.swift */; };
		6A03269424ED8D0F005D0621 /* CategoryCollectionCell.xib in Resources */ = {isa = PBXBuildFile; fileRef = 6A03269224ED8D0F005D0621 /* CategoryCollectionCell.xib */; };
		6A0326A224EE0FE7005D0621 /* DropDownCell.xib in Resources */ = {isa = PBXBuildFile; fileRef = 6A03269824EE0FE7005D0621 /* DropDownCell.xib */; };
		6A0326A324EE0FE7005D0621 /* DPDKeyboardListener.swift in Sources */ = {isa = PBXBuildFile; fileRef = 6A03269A24EE0FE7005D0621 /* DPDKeyboardListener.swift */; };
		6A0326A424EE0FE7005D0621 /* DPDConstants.swift in Sources */ = {isa = PBXBuildFile; fileRef = 6A03269B24EE0FE7005D0621 /* DPDConstants.swift */; };
		6A0326A524EE0FE7005D0621 /* DPDUIView+Extension.swift in Sources */ = {isa = PBXBuildFile; fileRef = 6A03269C24EE0FE7005D0621 /* DPDUIView+Extension.swift */; };
		6A0326A724EE0FE7005D0621 /* DropDown.swift in Sources */ = {isa = PBXBuildFile; fileRef = 6A03269F24EE0FE7005D0621 /* DropDown.swift */; };
		6A0326A824EE0FE7005D0621 /* DropDownCell.swift in Sources */ = {isa = PBXBuildFile; fileRef = 6A0326A024EE0FE7005D0621 /* DropDownCell.swift */; };
		6A0326A924EE0FE7005D0621 /* DropDown+Appearance.swift in Sources */ = {isa = PBXBuildFile; fileRef = 6A0326A124EE0FE7005D0621 /* DropDown+Appearance.swift */; };
		6A0326AB24EE3FD2005D0621 /* ProductDetailViewController.storyboard in Resources */ = {isa = PBXBuildFile; fileRef = 6A0326AA24EE3FD2005D0621 /* ProductDetailViewController.storyboard */; };
		6A0326AD24EE76C6005D0621 /* ColorSupport.swift in Sources */ = {isa = PBXBuildFile; fileRef = 6A0326AC24EE76C6005D0621 /* ColorSupport.swift */; };
		6A80015E24EACE60009A372E /* CategoryInteractor.swift in Sources */ = {isa = PBXBuildFile; fileRef = 6A80015D24EACE60009A372E /* CategoryInteractor.swift */; };
		6A80016024EACF98009A372E /* Network.swift in Sources */ = {isa = PBXBuildFile; fileRef = 6A80015F24EACF98009A372E /* Network.swift */; };
		6A80016324EAD743009A372E /* Categories.swift in Sources */ = {isa = PBXBuildFile; fileRef = 6A80016224EAD743009A372E /* Categories.swift */; };
		6A8D63D524EA9F7500E087EC /* AppDelegate.swift in Sources */ = {isa = PBXBuildFile; fileRef = 6A8D63D424EA9F7500E087EC /* AppDelegate.swift */; };
		6A8D63DE24EA9F7A00E087EC /* Assets.xcassets in Resources */ = {isa = PBXBuildFile; fileRef = 6A8D63DD24EA9F7A00E087EC /* Assets.xcassets */; };
		6A8D63E124EA9F7A00E087EC /* LaunchScreen.storyboard in Resources */ = {isa = PBXBuildFile; fileRef = 6A8D63DF24EA9F7A00E087EC /* LaunchScreen.storyboard */; };
		6A8D63EC24EA9F7A00E087EC /* EcommerceTests.swift in Sources */ = {isa = PBXBuildFile; fileRef = 6A8D63EB24EA9F7A00E087EC /* EcommerceTests.swift */; };
		6A8D63F724EA9F7A00E087EC /* EcommerceUITests.swift in Sources */ = {isa = PBXBuildFile; fileRef = 6A8D63F624EA9F7A00E087EC /* EcommerceUITests.swift */; };
		6A8D640524EAA30B00E087EC /* MainCoordinator.swift in Sources */ = {isa = PBXBuildFile; fileRef = 6A8D640424EAA30B00E087EC /* MainCoordinator.swift */; };
		6A8D640824EAA3D500E087EC /* Coordinator.swift in Sources */ = {isa = PBXBuildFile; fileRef = 6A8D640724EAA3D500E087EC /* Coordinator.swift */; };
		6A8D640B24EAA4C100E087EC /* CategoryViewController.swift in Sources */ = {isa = PBXBuildFile; fileRef = 6A8D640A24EAA4C100E087EC /* CategoryViewController.swift */; };
		6A8D640D24EAA4DF00E087EC /* ProductViewController.swift in Sources */ = {isa = PBXBuildFile; fileRef = 6A8D640C24EAA4DF00E087EC /* ProductViewController.swift */; };
		6A8D640F24EAA68000E087EC /* CategoryCoordinator.swift in Sources */ = {isa = PBXBuildFile; fileRef = 6A8D640E24EAA68000E087EC /* CategoryCoordinator.swift */; };
		6A8D641124EAA7C200E087EC /* ProductCoordinator.swift in Sources */ = {isa = PBXBuildFile; fileRef = 6A8D641024EAA7C200E087EC /* ProductCoordinator.swift */; };
		6A8D641324EAAB9800E087EC /* StoryBoardExtension.swift in Sources */ = {isa = PBXBuildFile; fileRef = 6A8D641224EAAB9800E087EC /* StoryBoardExtension.swift */; };
		6A8D641624EAAF3000E087EC /* CategoryViewController.storyboard in Resources */ = {isa = PBXBuildFile; fileRef = 6A8D641524EAAF3000E087EC /* CategoryViewController.storyboard */; };
		6A8D641824EAAFB500E087EC /* ProductViewController.storyboard in Resources */ = {isa = PBXBuildFile; fileRef = 6A8D641724EAAFB500E087EC /* ProductViewController.storyboard */; };
		6A91929A24ED106E00C07C15 /* ProductCollectionCell.swift in Sources */ = {isa = PBXBuildFile; fileRef = 6A91929824ED106E00C07C15 /* ProductCollectionCell.swift */; };
		6A91929B24ED106E00C07C15 /* ProductCollectionCell.xib in Resources */ = {isa = PBXBuildFile; fileRef = 6A91929924ED106E00C07C15 /* ProductCollectionCell.xib */; };
		6A91929D24ED11E600C07C15 /* CustomCollectionViewFlowLayout.swift in Sources */ = {isa = PBXBuildFile; fileRef = 6A91929C24ED11E600C07C15 /* CustomCollectionViewFlowLayout.swift */; };
		6A91929F24ED2DB200C07C15 /* ProductDetailCoordinator.swift in Sources */ = {isa = PBXBuildFile; fileRef = 6A91929E24ED2DB200C07C15 /* ProductDetailCoordinator.swift */; };
		6A9192A224ED2E2100C07C15 /* ProductDetailViewController.swift in Sources */ = {isa = PBXBuildFile; fileRef = 6A9192A124ED2E2100C07C15 /* ProductDetailViewController.swift */; };
		6A9192A724ED426A00C07C15 /* ProductDetailInteractor.swift in Sources */ = {isa = PBXBuildFile; fileRef = 6A9192A624ED426A00C07C15 /* ProductDetailInteractor.swift */; };
		6A9192A924ED428200C07C15 /* ProductDetailPresenter.swift in Sources */ = {isa = PBXBuildFile; fileRef = 6A9192A824ED428200C07C15 /* ProductDetailPresenter.swift */; };
		6A9192AB24ED475A00C07C15 /* LocalProductDetailWorker.swift in Sources */ = {isa = PBXBuildFile; fileRef = 6A9192AA24ED475A00C07C15 /* LocalProductDetailWorker.swift */; };
		6A943EC024EAEAA600EE52D4 /* CategoryPresenter.swift in Sources */ = {isa = PBXBuildFile; fileRef = 6A943EBF24EAEAA600EE52D4 /* CategoryPresenter.swift */; };
		6A943EC324EAF5EE00EE52D4 /* LoadingView.swift in Sources */ = {isa = PBXBuildFile; fileRef = 6A943EC224EAF5EE00EE52D4 /* LoadingView.swift */; };
		6A943EC624EC030C00EE52D4 /* CoreDataModel.xcdatamodeld in Sources */ = {isa = PBXBuildFile; fileRef = 6A943EC424EC030C00EE52D4 /* CoreDataModel.xcdatamodeld */; };
		6AF4352224EC22B90056F4A0 /* PersistentStorageManager.swift in Sources */ = {isa = PBXBuildFile; fileRef = 6AF4352124EC22B90056F4A0 /* PersistentStorageManager.swift */; };
		6AF4358A24EC40CA0056F4A0 /* Ranking.swift in Sources */ = {isa = PBXBuildFile; fileRef = 6AF4358924EC40CA0056F4A0 /* Ranking.swift */; };
		6AF435A524EC44510056F4A0 /* Ranking+CoreDataClass.swift in Sources */ = {isa = PBXBuildFile; fileRef = 6AF4359324EC44510056F4A0 /* Ranking+CoreDataClass.swift */; };
		6AF435A624EC44510056F4A0 /* Ranking+CoreDataProperties.swift in Sources */ = {isa = PBXBuildFile; fileRef = 6AF4359424EC44510056F4A0 /* Ranking+CoreDataProperties.swift */; };
		6AF435A724EC44510056F4A0 /* Variants+CoreDataClass.swift in Sources */ = {isa = PBXBuildFile; fileRef = 6AF4359524EC44510056F4A0 /* Variants+CoreDataClass.swift */; };
		6AF435A824EC44510056F4A0 /* Variants+CoreDataProperties.swift in Sources */ = {isa = PBXBuildFile; fileRef = 6AF4359624EC44510056F4A0 /* Variants+CoreDataProperties.swift */; };
		6AF435A924EC44510056F4A0 /* ProductsShareType+CoreDataClass.swift in Sources */ = {isa = PBXBuildFile; fileRef = 6AF4359724EC44510056F4A0 /* ProductsShareType+CoreDataClass.swift */; };
		6AF435AA24EC44510056F4A0 /* ProductsShareType+CoreDataProperties.swift in Sources */ = {isa = PBXBuildFile; fileRef = 6AF4359824EC44510056F4A0 /* ProductsShareType+CoreDataProperties.swift */; };
		6AF435AB24EC44510056F4A0 /* Category+CoreDataClass.swift in Sources */ = {isa = PBXBuildFile; fileRef = 6AF4359924EC44510056F4A0 /* Category+CoreDataClass.swift */; };
		6AF435AC24EC44510056F4A0 /* Category+CoreDataProperties.swift in Sources */ = {isa = PBXBuildFile; fileRef = 6AF4359A24EC44510056F4A0 /* Category+CoreDataProperties.swift */; };
		6AF435AD24EC44510056F4A0 /* Products+CoreDataClass.swift in Sources */ = {isa = PBXBuildFile; fileRef = 6AF4359B24EC44510056F4A0 /* Products+CoreDataClass.swift */; };
		6AF435AE24EC44510056F4A0 /* Products+CoreDataProperties.swift in Sources */ = {isa = PBXBuildFile; fileRef = 6AF4359C24EC44510056F4A0 /* Products+CoreDataProperties.swift */; };
		6AF435AF24EC44510056F4A0 /* ChildCategory+CoreDataClass.swift in Sources */ = {isa = PBXBuildFile; fileRef = 6AF4359D24EC44510056F4A0 /* ChildCategory+CoreDataClass.swift */; };
		6AF435B024EC44510056F4A0 /* ChildCategory+CoreDataProperties.swift in Sources */ = {isa = PBXBuildFile; fileRef = 6AF4359E24EC44510056F4A0 /* ChildCategory+CoreDataProperties.swift */; };
		6AF435B124EC44510056F4A0 /* ProductsOrderType+CoreDataClass.swift in Sources */ = {isa = PBXBuildFile; fileRef = 6AF4359F24EC44510056F4A0 /* ProductsOrderType+CoreDataClass.swift */; };
		6AF435B224EC44510056F4A0 /* ProductsOrderType+CoreDataProperties.swift in Sources */ = {isa = PBXBuildFile; fileRef = 6AF435A024EC44510056F4A0 /* ProductsOrderType+CoreDataProperties.swift */; };
		6AF435B324EC44510056F4A0 /* ProductsViewType+CoreDataClass.swift in Sources */ = {isa = PBXBuildFile; fileRef = 6AF435A124EC44510056F4A0 /* ProductsViewType+CoreDataClass.swift */; };
		6AF435B424EC44510056F4A0 /* ProductsViewType+CoreDataProperties.swift in Sources */ = {isa = PBXBuildFile; fileRef = 6AF435A224EC44510056F4A0 /* ProductsViewType+CoreDataProperties.swift */; };
		6AF435B524EC44510056F4A0 /* Tax+CoreDataClass.swift in Sources */ = {isa = PBXBuildFile; fileRef = 6AF435A324EC44510056F4A0 /* Tax+CoreDataClass.swift */; };
		6AF435B624EC44510056F4A0 /* Tax+CoreDataProperties.swift in Sources */ = {isa = PBXBuildFile; fileRef = 6AF435A424EC44510056F4A0 /* Tax+CoreDataProperties.swift */; };
		6AF435B924EC547C0056F4A0 /* DisplayLogic.swift in Sources */ = {isa = PBXBuildFile; fileRef = 6AF435B824EC547C0056F4A0 /* DisplayLogic.swift */; };
		6AF435BB24EC54AD0056F4A0 /* Constant.swift in Sources */ = {isa = PBXBuildFile; fileRef = 6AF435BA24EC54AD0056F4A0 /* Constant.swift */; };
		6AF435BE24EC574B0056F4A0 /* CategoryTableViewCell.swift in Sources */ = {isa = PBXBuildFile; fileRef = 6AF435BC24EC574B0056F4A0 /* CategoryTableViewCell.swift */; };
		6AF435BF24EC574B0056F4A0 /* CategoryTableViewCell.xib in Resources */ = {isa = PBXBuildFile; fileRef = 6AF435BD24EC574B0056F4A0 /* CategoryTableViewCell.xib */; };
		6AF435C824ECE0A10056F4A0 /* ProductInteractor.swift in Sources */ = {isa = PBXBuildFile; fileRef = 6AF435C724ECE0A10056F4A0 /* ProductInteractor.swift */; };
		6AF435CA24ECE0C20056F4A0 /* ProductPresenter.swift in Sources */ = {isa = PBXBuildFile; fileRef = 6AF435C924ECE0C20056F4A0 /* ProductPresenter.swift */; };
		6AF435D124ECFEA90056F4A0 /* CategoryWorker.swift in Sources */ = {isa = PBXBuildFile; fileRef = 6AF435D024ECFEA80056F4A0 /* CategoryWorker.swift */; };
		6AF435D424ECFF1D0056F4A0 /* ProductWorker.swift in Sources */ = {isa = PBXBuildFile; fileRef = 6AF435D324ECFF1D0056F4A0 /* ProductWorker.swift */; };
/* End PBXBuildFile section */

/* Begin PBXContainerItemProxy section */
		6A8D63E824EA9F7A00E087EC /* PBXContainerItemProxy */ = {
			isa = PBXContainerItemProxy;
			containerPortal = 6A8D63C924EA9F7500E087EC /* Project object */;
			proxyType = 1;
			remoteGlobalIDString = 6A8D63D024EA9F7500E087EC;
			remoteInfo = Ecommerce;
		};
		6A8D63F324EA9F7A00E087EC /* PBXContainerItemProxy */ = {
			isa = PBXContainerItemProxy;
			containerPortal = 6A8D63C924EA9F7500E087EC /* Project object */;
			proxyType = 1;
			remoteGlobalIDString = 6A8D63D024EA9F7500E087EC;
			remoteInfo = Ecommerce;
		};
/* End PBXContainerItemProxy section */

/* Begin PBXFileReference section */
		6A03269124ED8D0F005D0621 /* CategoryCollectionCell.swift */ = {isa = PBXFileReference; lastKnownFileType = sourcecode.swift; path = CategoryCollectionCell.swift; sourceTree = "<group>"; };
		6A03269224ED8D0F005D0621 /* CategoryCollectionCell.xib */ = {isa = PBXFileReference; lastKnownFileType = file.xib; path = CategoryCollectionCell.xib; sourceTree = "<group>"; };
		6A03269624EE0FE7005D0621 /* DropDown.h */ = {isa = PBXFileReference; fileEncoding = 4; lastKnownFileType = sourcecode.c.h; path = DropDown.h; sourceTree = "<group>"; };
		6A03269824EE0FE7005D0621 /* DropDownCell.xib */ = {isa = PBXFileReference; fileEncoding = 4; lastKnownFileType = file.xib; path = DropDownCell.xib; sourceTree = "<group>"; };
		6A03269A24EE0FE7005D0621 /* DPDKeyboardListener.swift */ = {isa = PBXFileReference; fileEncoding = 4; lastKnownFileType = sourcecode.swift; path = DPDKeyboardListener.swift; sourceTree = "<group>"; };
		6A03269B24EE0FE7005D0621 /* DPDConstants.swift */ = {isa = PBXFileReference; fileEncoding = 4; lastKnownFileType = sourcecode.swift; path = DPDConstants.swift; sourceTree = "<group>"; };
		6A03269C24EE0FE7005D0621 /* DPDUIView+Extension.swift */ = {isa = PBXFileReference; fileEncoding = 4; lastKnownFileType = sourcecode.swift; path = "DPDUIView+Extension.swift"; sourceTree = "<group>"; };
		6A03269F24EE0FE7005D0621 /* DropDown.swift */ = {isa = PBXFileReference; fileEncoding = 4; lastKnownFileType = sourcecode.swift; path = DropDown.swift; sourceTree = "<group>"; };
		6A0326A024EE0FE7005D0621 /* DropDownCell.swift */ = {isa = PBXFileReference; fileEncoding = 4; lastKnownFileType = sourcecode.swift; path = DropDownCell.swift; sourceTree = "<group>"; };
		6A0326A124EE0FE7005D0621 /* DropDown+Appearance.swift */ = {isa = PBXFileReference; fileEncoding = 4; lastKnownFileType = sourcecode.swift; path = "DropDown+Appearance.swift"; sourceTree = "<group>"; };
		6A0326AA24EE3FD2005D0621 /* ProductDetailViewController.storyboard */ = {isa = PBXFileReference; lastKnownFileType = file.storyboard; path = ProductDetailViewController.storyboard; sourceTree = "<group>"; };
		6A0326AC24EE76C6005D0621 /* ColorSupport.swift */ = {isa = PBXFileReference; lastKnownFileType = sourcecode.swift; path = ColorSupport.swift; sourceTree = "<group>"; };
		6A80015D24EACE60009A372E /* CategoryInteractor.swift */ = {isa = PBXFileReference; lastKnownFileType = sourcecode.swift; path = CategoryInteractor.swift; sourceTree = "<group>"; };
		6A80015F24EACF98009A372E /* Network.swift */ = {isa = PBXFileReference; lastKnownFileType = sourcecode.swift; path = Network.swift; sourceTree = "<group>"; };
		6A80016224EAD743009A372E /* Categories.swift */ = {isa = PBXFileReference; lastKnownFileType = sourcecode.swift; path = Categories.swift; sourceTree = "<group>"; };
		6A8D63D124EA9F7500E087EC /* Ecommerce.app */ = {isa = PBXFileReference; explicitFileType = wrapper.application; includeInIndex = 0; path = Ecommerce.app; sourceTree = BUILT_PRODUCTS_DIR; };
		6A8D63D424EA9F7500E087EC /* AppDelegate.swift */ = {isa = PBXFileReference; lastKnownFileType = sourcecode.swift; path = AppDelegate.swift; sourceTree = "<group>"; };
		6A8D63DD24EA9F7A00E087EC /* Assets.xcassets */ = {isa = PBXFileReference; lastKnownFileType = folder.assetcatalog; path = Assets.xcassets; sourceTree = "<group>"; };
		6A8D63E024EA9F7A00E087EC /* Base */ = {isa = PBXFileReference; lastKnownFileType = file.storyboard; name = Base; path = Base.lproj/LaunchScreen.storyboard; sourceTree = "<group>"; };
		6A8D63E224EA9F7A00E087EC /* Info.plist */ = {isa = PBXFileReference; lastKnownFileType = text.plist.xml; path = Info.plist; sourceTree = "<group>"; };
		6A8D63E724EA9F7A00E087EC /* EcommerceTests.xctest */ = {isa = PBXFileReference; explicitFileType = wrapper.cfbundle; includeInIndex = 0; path = EcommerceTests.xctest; sourceTree = BUILT_PRODUCTS_DIR; };
		6A8D63EB24EA9F7A00E087EC /* EcommerceTests.swift */ = {isa = PBXFileReference; lastKnownFileType = sourcecode.swift; path = EcommerceTests.swift; sourceTree = "<group>"; };
		6A8D63ED24EA9F7A00E087EC /* Info.plist */ = {isa = PBXFileReference; lastKnownFileType = text.plist.xml; path = Info.plist; sourceTree = "<group>"; };
		6A8D63F224EA9F7A00E087EC /* EcommerceUITests.xctest */ = {isa = PBXFileReference; explicitFileType = wrapper.cfbundle; includeInIndex = 0; path = EcommerceUITests.xctest; sourceTree = BUILT_PRODUCTS_DIR; };
		6A8D63F624EA9F7A00E087EC /* EcommerceUITests.swift */ = {isa = PBXFileReference; lastKnownFileType = sourcecode.swift; path = EcommerceUITests.swift; sourceTree = "<group>"; };
		6A8D63F824EA9F7A00E087EC /* Info.plist */ = {isa = PBXFileReference; lastKnownFileType = text.plist.xml; path = Info.plist; sourceTree = "<group>"; };
		6A8D640424EAA30B00E087EC /* MainCoordinator.swift */ = {isa = PBXFileReference; fileEncoding = 4; lastKnownFileType = sourcecode.swift; path = MainCoordinator.swift; sourceTree = "<group>"; };
		6A8D640724EAA3D500E087EC /* Coordinator.swift */ = {isa = PBXFileReference; fileEncoding = 4; lastKnownFileType = sourcecode.swift; path = Coordinator.swift; sourceTree = "<group>"; };
		6A8D640A24EAA4C100E087EC /* CategoryViewController.swift */ = {isa = PBXFileReference; lastKnownFileType = sourcecode.swift; path = CategoryViewController.swift; sourceTree = "<group>"; };
		6A8D640C24EAA4DF00E087EC /* ProductViewController.swift */ = {isa = PBXFileReference; lastKnownFileType = sourcecode.swift; path = ProductViewController.swift; sourceTree = "<group>"; };
		6A8D640E24EAA68000E087EC /* CategoryCoordinator.swift */ = {isa = PBXFileReference; fileEncoding = 4; lastKnownFileType = sourcecode.swift; path = CategoryCoordinator.swift; sourceTree = "<group>"; };
		6A8D641024EAA7C200E087EC /* ProductCoordinator.swift */ = {isa = PBXFileReference; lastKnownFileType = sourcecode.swift; path = ProductCoordinator.swift; sourceTree = "<group>"; };
		6A8D641224EAAB9800E087EC /* StoryBoardExtension.swift */ = {isa = PBXFileReference; lastKnownFileType = sourcecode.swift; path = StoryBoardExtension.swift; sourceTree = "<group>"; };
		6A8D641524EAAF3000E087EC /* CategoryViewController.storyboard */ = {isa = PBXFileReference; lastKnownFileType = file.storyboard; path = CategoryViewController.storyboard; sourceTree = "<group>"; };
		6A8D641724EAAFB500E087EC /* ProductViewController.storyboard */ = {isa = PBXFileReference; lastKnownFileType = file.storyboard; path = ProductViewController.storyboard; sourceTree = "<group>"; };
		6A91929824ED106E00C07C15 /* ProductCollectionCell.swift */ = {isa = PBXFileReference; lastKnownFileType = sourcecode.swift; path = ProductCollectionCell.swift; sourceTree = "<group>"; };
		6A91929924ED106E00C07C15 /* ProductCollectionCell.xib */ = {isa = PBXFileReference; lastKnownFileType = file.xib; path = ProductCollectionCell.xib; sourceTree = "<group>"; };
		6A91929C24ED11E600C07C15 /* CustomCollectionViewFlowLayout.swift */ = {isa = PBXFileReference; fileEncoding = 4; lastKnownFileType = sourcecode.swift; path = CustomCollectionViewFlowLayout.swift; sourceTree = "<group>"; };
		6A91929E24ED2DB200C07C15 /* ProductDetailCoordinator.swift */ = {isa = PBXFileReference; lastKnownFileType = sourcecode.swift; path = ProductDetailCoordinator.swift; sourceTree = "<group>"; };
		6A9192A124ED2E2100C07C15 /* ProductDetailViewController.swift */ = {isa = PBXFileReference; lastKnownFileType = sourcecode.swift; path = ProductDetailViewController.swift; sourceTree = "<group>"; };
		6A9192A624ED426A00C07C15 /* ProductDetailInteractor.swift */ = {isa = PBXFileReference; lastKnownFileType = sourcecode.swift; path = ProductDetailInteractor.swift; sourceTree = "<group>"; };
		6A9192A824ED428200C07C15 /* ProductDetailPresenter.swift */ = {isa = PBXFileReference; lastKnownFileType = sourcecode.swift; path = ProductDetailPresenter.swift; sourceTree = "<group>"; };
		6A9192AA24ED475A00C07C15 /* LocalProductDetailWorker.swift */ = {isa = PBXFileReference; lastKnownFileType = sourcecode.swift; path = LocalProductDetailWorker.swift; sourceTree = "<group>"; };
		6A943EBF24EAEAA600EE52D4 /* CategoryPresenter.swift */ = {isa = PBXFileReference; lastKnownFileType = sourcecode.swift; path = CategoryPresenter.swift; sourceTree = "<group>"; };
		6A943EC224EAF5EE00EE52D4 /* LoadingView.swift */ = {isa = PBXFileReference; lastKnownFileType = sourcecode.swift; path = LoadingView.swift; sourceTree = "<group>"; };
		6A943EC524EC030C00EE52D4 /* CoreDataModel.xcdatamodel */ = {isa = PBXFileReference; lastKnownFileType = wrapper.xcdatamodel; path = CoreDataModel.xcdatamodel; sourceTree = "<group>"; };
		6AF4352124EC22B90056F4A0 /* PersistentStorageManager.swift */ = {isa = PBXFileReference; lastKnownFileType = sourcecode.swift; path = PersistentStorageManager.swift; sourceTree = "<group>"; };
		6AF4358924EC40CA0056F4A0 /* Ranking.swift */ = {isa = PBXFileReference; lastKnownFileType = sourcecode.swift; path = Ranking.swift; sourceTree = "<group>"; };
		6AF4359324EC44510056F4A0 /* Ranking+CoreDataClass.swift */ = {isa = PBXFileReference; lastKnownFileType = sourcecode.swift; path = "Ranking+CoreDataClass.swift"; sourceTree = "<group>"; };
		6AF4359424EC44510056F4A0 /* Ranking+CoreDataProperties.swift */ = {isa = PBXFileReference; lastKnownFileType = sourcecode.swift; path = "Ranking+CoreDataProperties.swift"; sourceTree = "<group>"; };
		6AF4359524EC44510056F4A0 /* Variants+CoreDataClass.swift */ = {isa = PBXFileReference; lastKnownFileType = sourcecode.swift; path = "Variants+CoreDataClass.swift"; sourceTree = "<group>"; };
		6AF4359624EC44510056F4A0 /* Variants+CoreDataProperties.swift */ = {isa = PBXFileReference; lastKnownFileType = sourcecode.swift; path = "Variants+CoreDataProperties.swift"; sourceTree = "<group>"; };
		6AF4359724EC44510056F4A0 /* ProductsShareType+CoreDataClass.swift */ = {isa = PBXFileReference; lastKnownFileType = sourcecode.swift; path = "ProductsShareType+CoreDataClass.swift"; sourceTree = "<group>"; };
		6AF4359824EC44510056F4A0 /* ProductsShareType+CoreDataProperties.swift */ = {isa = PBXFileReference; lastKnownFileType = sourcecode.swift; path = "ProductsShareType+CoreDataProperties.swift"; sourceTree = "<group>"; };
		6AF4359924EC44510056F4A0 /* Category+CoreDataClass.swift */ = {isa = PBXFileReference; lastKnownFileType = sourcecode.swift; path = "Category+CoreDataClass.swift"; sourceTree = "<group>"; };
		6AF4359A24EC44510056F4A0 /* Category+CoreDataProperties.swift */ = {isa = PBXFileReference; lastKnownFileType = sourcecode.swift; path = "Category+CoreDataProperties.swift"; sourceTree = "<group>"; };
		6AF4359B24EC44510056F4A0 /* Products+CoreDataClass.swift */ = {isa = PBXFileReference; lastKnownFileType = sourcecode.swift; path = "Products+CoreDataClass.swift"; sourceTree = "<group>"; };
		6AF4359C24EC44510056F4A0 /* Products+CoreDataProperties.swift */ = {isa = PBXFileReference; lastKnownFileType = sourcecode.swift; path = "Products+CoreDataProperties.swift"; sourceTree = "<group>"; };
		6AF4359D24EC44510056F4A0 /* ChildCategory+CoreDataClass.swift */ = {isa = PBXFileReference; lastKnownFileType = sourcecode.swift; path = "ChildCategory+CoreDataClass.swift"; sourceTree = "<group>"; };
		6AF4359E24EC44510056F4A0 /* ChildCategory+CoreDataProperties.swift */ = {isa = PBXFileReference; lastKnownFileType = sourcecode.swift; path = "ChildCategory+CoreDataProperties.swift"; sourceTree = "<group>"; };
		6AF4359F24EC44510056F4A0 /* ProductsOrderType+CoreDataClass.swift */ = {isa = PBXFileReference; lastKnownFileType = sourcecode.swift; path = "ProductsOrderType+CoreDataClass.swift"; sourceTree = "<group>"; };
		6AF435A024EC44510056F4A0 /* ProductsOrderType+CoreDataProperties.swift */ = {isa = PBXFileReference; lastKnownFileType = sourcecode.swift; path = "ProductsOrderType+CoreDataProperties.swift"; sourceTree = "<group>"; };
		6AF435A124EC44510056F4A0 /* ProductsViewType+CoreDataClass.swift */ = {isa = PBXFileReference; lastKnownFileType = sourcecode.swift; path = "ProductsViewType+CoreDataClass.swift"; sourceTree = "<group>"; };
		6AF435A224EC44510056F4A0 /* ProductsViewType+CoreDataProperties.swift */ = {isa = PBXFileReference; lastKnownFileType = sourcecode.swift; path = "ProductsViewType+CoreDataProperties.swift"; sourceTree = "<group>"; };
		6AF435A324EC44510056F4A0 /* Tax+CoreDataClass.swift */ = {isa = PBXFileReference; lastKnownFileType = sourcecode.swift; path = "Tax+CoreDataClass.swift"; sourceTree = "<group>"; };
		6AF435A424EC44510056F4A0 /* Tax+CoreDataProperties.swift */ = {isa = PBXFileReference; lastKnownFileType = sourcecode.swift; path = "Tax+CoreDataProperties.swift"; sourceTree = "<group>"; };
		6AF435B824EC547C0056F4A0 /* DisplayLogic.swift */ = {isa = PBXFileReference; lastKnownFileType = sourcecode.swift; path = DisplayLogic.swift; sourceTree = "<group>"; };
		6AF435BA24EC54AD0056F4A0 /* Constant.swift */ = {isa = PBXFileReference; lastKnownFileType = sourcecode.swift; path = Constant.swift; sourceTree = "<group>"; };
		6AF435BC24EC574B0056F4A0 /* CategoryTableViewCell.swift */ = {isa = PBXFileReference; lastKnownFileType = sourcecode.swift; path = CategoryTableViewCell.swift; sourceTree = "<group>"; };
		6AF435BD24EC574B0056F4A0 /* CategoryTableViewCell.xib */ = {isa = PBXFileReference; lastKnownFileType = file.xib; path = CategoryTableViewCell.xib; sourceTree = "<group>"; };
		6AF435C724ECE0A10056F4A0 /* ProductInteractor.swift */ = {isa = PBXFileReference; lastKnownFileType = sourcecode.swift; path = ProductInteractor.swift; sourceTree = "<group>"; };
		6AF435C924ECE0C20056F4A0 /* ProductPresenter.swift */ = {isa = PBXFileReference; lastKnownFileType = sourcecode.swift; path = ProductPresenter.swift; sourceTree = "<group>"; };
		6AF435D024ECFEA80056F4A0 /* CategoryWorker.swift */ = {isa = PBXFileReference; lastKnownFileType = sourcecode.swift; path = CategoryWorker.swift; sourceTree = "<group>"; };
		6AF435D324ECFF1D0056F4A0 /* ProductWorker.swift */ = {isa = PBXFileReference; lastKnownFileType = sourcecode.swift; path = ProductWorker.swift; sourceTree = "<group>"; };
/* End PBXFileReference section */

/* Begin PBXFrameworksBuildPhase section */
		6A8D63CE24EA9F7500E087EC /* Frameworks */ = {
			isa = PBXFrameworksBuildPhase;
			buildActionMask = 2147483647;
			files = (
			);
			runOnlyForDeploymentPostprocessing = 0;
		};
		6A8D63E424EA9F7A00E087EC /* Frameworks */ = {
			isa = PBXFrameworksBuildPhase;
			buildActionMask = 2147483647;
			files = (
			);
			runOnlyForDeploymentPostprocessing = 0;
		};
		6A8D63EF24EA9F7A00E087EC /* Frameworks */ = {
			isa = PBXFrameworksBuildPhase;
			buildActionMask = 2147483647;
			files = (
			);
			runOnlyForDeploymentPostprocessing = 0;
		};
/* End PBXFrameworksBuildPhase section */

/* Begin PBXGroup section */
		6A03269524EE0FE7005D0621 /* DropDown */ = {
			isa = PBXGroup;
			children = (
				6A03269624EE0FE7005D0621 /* DropDown.h */,
				6A03269724EE0FE7005D0621 /* resources */,
				6A03269924EE0FE7005D0621 /* helpers */,
				6A03269E24EE0FE7005D0621 /* src */,
			);
			path = DropDown;
			sourceTree = "<group>";
		};
		6A03269724EE0FE7005D0621 /* resources */ = {
			isa = PBXGroup;
			children = (
				6A03269824EE0FE7005D0621 /* DropDownCell.xib */,
			);
			path = resources;
			sourceTree = "<group>";
		};
		6A03269924EE0FE7005D0621 /* helpers */ = {
			isa = PBXGroup;
			children = (
				6A03269A24EE0FE7005D0621 /* DPDKeyboardListener.swift */,
				6A03269B24EE0FE7005D0621 /* DPDConstants.swift */,
				6A03269C24EE0FE7005D0621 /* DPDUIView+Extension.swift */,
			);
			path = helpers;
			sourceTree = "<group>";
		};
		6A03269E24EE0FE7005D0621 /* src */ = {
			isa = PBXGroup;
			children = (
				6A03269F24EE0FE7005D0621 /* DropDown.swift */,
				6A0326A024EE0FE7005D0621 /* DropDownCell.swift */,
				6A0326A124EE0FE7005D0621 /* DropDown+Appearance.swift */,
			);
			path = src;
			sourceTree = "<group>";
		};
		6A80015C24EACE38009A372E /* CategoryModel */ = {
			isa = PBXGroup;
			children = (
				6A80015D24EACE60009A372E /* CategoryInteractor.swift */,
				6A943EBF24EAEAA600EE52D4 /* CategoryPresenter.swift */,
			);
			path = CategoryModel;
			sourceTree = "<group>";
		};
		6A80016124EACF9E009A372E /* Network */ = {
			isa = PBXGroup;
			children = (
				6A80015F24EACF98009A372E /* Network.swift */,
				6A80016224EAD743009A372E /* Categories.swift */,
				6AF4358924EC40CA0056F4A0 /* Ranking.swift */,
			);
			path = Network;
			sourceTree = "<group>";
		};
		6A8D63C824EA9F7500E087EC = {
			isa = PBXGroup;
			children = (
				6A8D63D324EA9F7500E087EC /* Ecommerce */,
				6A8D63EA24EA9F7A00E087EC /* EcommerceTests */,
				6A8D63F524EA9F7A00E087EC /* EcommerceUITests */,
				6A8D63D224EA9F7500E087EC /* Products */,
			);
			sourceTree = "<group>";
		};
		6A8D63D224EA9F7500E087EC /* Products */ = {
			isa = PBXGroup;
			children = (
				6A8D63D124EA9F7500E087EC /* Ecommerce.app */,
				6A8D63E724EA9F7A00E087EC /* EcommerceTests.xctest */,
				6A8D63F224EA9F7A00E087EC /* EcommerceUITests.xctest */,
			);
			name = Products;
			sourceTree = "<group>";
		};
		6A8D63D324EA9F7500E087EC /* Ecommerce */ = {
			isa = PBXGroup;
			children = (
				6A8D63D424EA9F7500E087EC /* AppDelegate.swift */,
				6A8D640624EAA3C000E087EC /* Coordinators */,
				6A8D640924EAA49F00E087EC /* Category */,
				6AF435C024ECDD6A0056F4A0 /* Product */,
				6A9192A024ED2DFD00C07C15 /* ProductDetail */,
				6A80016124EACF9E009A372E /* Network */,
				6A943EC724EC109600EE52D4 /* LocalStoragee */,
				6A943EC124EAF5DC00EE52D4 /* Utility */,
				6A8D641424EAABA700E087EC /* Extension */,
				6A8D63DD24EA9F7A00E087EC /* Assets.xcassets */,
				6A8D63DF24EA9F7A00E087EC /* LaunchScreen.storyboard */,
				6A8D63E224EA9F7A00E087EC /* Info.plist */,
			);
			path = Ecommerce;
			sourceTree = "<group>";
		};
		6A8D63EA24EA9F7A00E087EC /* EcommerceTests */ = {
			isa = PBXGroup;
			children = (
				6A8D63EB24EA9F7A00E087EC /* EcommerceTests.swift */,
				6A8D63ED24EA9F7A00E087EC /* Info.plist */,
			);
			path = EcommerceTests;
			sourceTree = "<group>";
		};
		6A8D63F524EA9F7A00E087EC /* EcommerceUITests */ = {
			isa = PBXGroup;
			children = (
				6A8D63F624EA9F7A00E087EC /* EcommerceUITests.swift */,
				6A8D63F824EA9F7A00E087EC /* Info.plist */,
			);
			path = EcommerceUITests;
			sourceTree = "<group>";
		};
		6A8D640624EAA3C000E087EC /* Coordinators */ = {
			isa = PBXGroup;
			children = (
				6A8D640424EAA30B00E087EC /* MainCoordinator.swift */,
				6A8D640E24EAA68000E087EC /* CategoryCoordinator.swift */,
				6A8D640724EAA3D500E087EC /* Coordinator.swift */,
				6A8D641024EAA7C200E087EC /* ProductCoordinator.swift */,
				6A91929E24ED2DB200C07C15 /* ProductDetailCoordinator.swift */,
			);
			path = Coordinators;
			sourceTree = "<group>";
		};
		6A8D640924EAA49F00E087EC /* Category */ = {
			isa = PBXGroup;
			children = (
				6AF435CF24ECFE7F0056F4A0 /* Worker */,
				6AF435B724EC51CF0056F4A0 /* CategoryView */,
				6A80015C24EACE38009A372E /* CategoryModel */,
				6A8D640A24EAA4C100E087EC /* CategoryViewController.swift */,
				6A8D641524EAAF3000E087EC /* CategoryViewController.storyboard */,
			);
			path = Category;
			sourceTree = "<group>";
		};
		6A8D641424EAABA700E087EC /* Extension */ = {
			isa = PBXGroup;
			children = (
				6A8D641224EAAB9800E087EC /* StoryBoardExtension.swift */,
			);
			path = Extension;
			sourceTree = "<group>";
		};
		6A9192A024ED2DFD00C07C15 /* ProductDetail */ = {
			isa = PBXGroup;
			children = (
				6A9192A524ED424900C07C15 /* Worker */,
				6A9192A424ED423700C07C15 /* ProductDetailModel */,
				6A9192A124ED2E2100C07C15 /* ProductDetailViewController.swift */,
				6A0326AA24EE3FD2005D0621 /* ProductDetailViewController.storyboard */,
			);
			path = ProductDetail;
			sourceTree = "<group>";
		};
		6A9192A424ED423700C07C15 /* ProductDetailModel */ = {
			isa = PBXGroup;
			children = (
				6A9192A624ED426A00C07C15 /* ProductDetailInteractor.swift */,
				6A9192A824ED428200C07C15 /* ProductDetailPresenter.swift */,
			);
			path = ProductDetailModel;
			sourceTree = "<group>";
		};
		6A9192A524ED424900C07C15 /* Worker */ = {
			isa = PBXGroup;
			children = (
				6A9192AA24ED475A00C07C15 /* LocalProductDetailWorker.swift */,
			);
			path = Worker;
			sourceTree = "<group>";
		};
		6A943EC124EAF5DC00EE52D4 /* Utility */ = {
			isa = PBXGroup;
			children = (
				6A943EC224EAF5EE00EE52D4 /* LoadingView.swift */,
				6A943EC424EC030C00EE52D4 /* CoreDataModel.xcdatamodeld */,
				6AF435B824EC547C0056F4A0 /* DisplayLogic.swift */,
				6AF435BA24EC54AD0056F4A0 /* Constant.swift */,
				6A91929C24ED11E600C07C15 /* CustomCollectionViewFlowLayout.swift */,
				6A03269524EE0FE7005D0621 /* DropDown */,
				6A0326AC24EE76C6005D0621 /* ColorSupport.swift */,
			);
			path = Utility;
			sourceTree = "<group>";
		};
		6A943EC724EC109600EE52D4 /* LocalStoragee */ = {
			isa = PBXGroup;
			children = (
				6AF4359324EC44510056F4A0 /* Ranking+CoreDataClass.swift */,
				6AF4359424EC44510056F4A0 /* Ranking+CoreDataProperties.swift */,
				6AF4359524EC44510056F4A0 /* Variants+CoreDataClass.swift */,
				6AF4359624EC44510056F4A0 /* Variants+CoreDataProperties.swift */,
				6AF4359724EC44510056F4A0 /* ProductsShareType+CoreDataClass.swift */,
				6AF4359824EC44510056F4A0 /* ProductsShareType+CoreDataProperties.swift */,
				6AF4359924EC44510056F4A0 /* Category+CoreDataClass.swift */,
				6AF4359A24EC44510056F4A0 /* Category+CoreDataProperties.swift */,
				6AF4359B24EC44510056F4A0 /* Products+CoreDataClass.swift */,
				6AF4359C24EC44510056F4A0 /* Products+CoreDataProperties.swift */,
				6AF4359D24EC44510056F4A0 /* ChildCategory+CoreDataClass.swift */,
				6AF4359E24EC44510056F4A0 /* ChildCategory+CoreDataProperties.swift */,
				6AF4359F24EC44510056F4A0 /* ProductsOrderType+CoreDataClass.swift */,
				6AF435A024EC44510056F4A0 /* ProductsOrderType+CoreDataProperties.swift */,
				6AF435A124EC44510056F4A0 /* ProductsViewType+CoreDataClass.swift */,
				6AF435A224EC44510056F4A0 /* ProductsViewType+CoreDataProperties.swift */,
				6AF435A324EC44510056F4A0 /* Tax+CoreDataClass.swift */,
				6AF435A424EC44510056F4A0 /* Tax+CoreDataProperties.swift */,
				6AF4352124EC22B90056F4A0 /* PersistentStorageManager.swift */,
			);
			path = LocalStoragee;
			sourceTree = "<group>";
		};
		6AF435B724EC51CF0056F4A0 /* CategoryView */ = {
			isa = PBXGroup;
			children = (
				6AF435BC24EC574B0056F4A0 /* CategoryTableViewCell.swift */,
				6AF435BD24EC574B0056F4A0 /* CategoryTableViewCell.xib */,
				6A03269124ED8D0F005D0621 /* CategoryCollectionCell.swift */,
				6A03269224ED8D0F005D0621 /* CategoryCollectionCell.xib */,
			);
			path = CategoryView;
			sourceTree = "<group>";
		};
		6AF435C024ECDD6A0056F4A0 /* Product */ = {
			isa = PBXGroup;
			children = (
				6AF435D224ECFEFE0056F4A0 /* Worker */,
				6AF435C624ECDF4B0056F4A0 /* ProductModel */,
				6AF435C524ECDF3C0056F4A0 /* ProductView */,
				6A8D640C24EAA4DF00E087EC /* ProductViewController.swift */,
				6A8D641724EAAFB500E087EC /* ProductViewController.storyboard */,
			);
			path = Product;
			sourceTree = "<group>";
		};
		6AF435C524ECDF3C0056F4A0 /* ProductView */ = {
			isa = PBXGroup;
			children = (
				6A91929824ED106E00C07C15 /* ProductCollectionCell.swift */,
				6A91929924ED106E00C07C15 /* ProductCollectionCell.xib */,
			);
			path = ProductView;
			sourceTree = "<group>";
		};
		6AF435C624ECDF4B0056F4A0 /* ProductModel */ = {
			isa = PBXGroup;
			children = (
				6AF435C724ECE0A10056F4A0 /* ProductInteractor.swift */,
				6AF435C924ECE0C20056F4A0 /* ProductPresenter.swift */,
			);
			path = ProductModel;
			sourceTree = "<group>";
		};
		6AF435CF24ECFE7F0056F4A0 /* Worker */ = {
			isa = PBXGroup;
			children = (
				6AF435D024ECFEA80056F4A0 /* CategoryWorker.swift */,
			);
			path = Worker;
			sourceTree = "<group>";
		};
		6AF435D224ECFEFE0056F4A0 /* Worker */ = {
			isa = PBXGroup;
			children = (
				6AF435D324ECFF1D0056F4A0 /* ProductWorker.swift */,
			);
			path = Worker;
			sourceTree = "<group>";
		};
/* End PBXGroup section */

/* Begin PBXNativeTarget section */
		6A8D63D024EA9F7500E087EC /* Ecommerce */ = {
			isa = PBXNativeTarget;
			buildConfigurationList = 6A8D63FB24EA9F7A00E087EC /* Build configuration list for PBXNativeTarget "Ecommerce" */;
			buildPhases = (
				6A8D63CD24EA9F7500E087EC /* Sources */,
				6A8D63CE24EA9F7500E087EC /* Frameworks */,
				6A8D63CF24EA9F7500E087EC /* Resources */,
			);
			buildRules = (
			);
			dependencies = (
			);
			name = Ecommerce;
			productName = Ecommerce;
			productReference = 6A8D63D124EA9F7500E087EC /* Ecommerce.app */;
			productType = "com.apple.product-type.application";
		};
		6A8D63E624EA9F7A00E087EC /* EcommerceTests */ = {
			isa = PBXNativeTarget;
			buildConfigurationList = 6A8D63FE24EA9F7A00E087EC /* Build configuration list for PBXNativeTarget "EcommerceTests" */;
			buildPhases = (
				6A8D63E324EA9F7A00E087EC /* Sources */,
				6A8D63E424EA9F7A00E087EC /* Frameworks */,
				6A8D63E524EA9F7A00E087EC /* Resources */,
			);
			buildRules = (
			);
			dependencies = (
				6A8D63E924EA9F7A00E087EC /* PBXTargetDependency */,
			);
			name = EcommerceTests;
			productName = EcommerceTests;
			productReference = 6A8D63E724EA9F7A00E087EC /* EcommerceTests.xctest */;
			productType = "com.apple.product-type.bundle.unit-test";
		};
		6A8D63F124EA9F7A00E087EC /* EcommerceUITests */ = {
			isa = PBXNativeTarget;
			buildConfigurationList = 6A8D640124EA9F7A00E087EC /* Build configuration list for PBXNativeTarget "EcommerceUITests" */;
			buildPhases = (
				6A8D63EE24EA9F7A00E087EC /* Sources */,
				6A8D63EF24EA9F7A00E087EC /* Frameworks */,
				6A8D63F024EA9F7A00E087EC /* Resources */,
			);
			buildRules = (
			);
			dependencies = (
				6A8D63F424EA9F7A00E087EC /* PBXTargetDependency */,
			);
			name = EcommerceUITests;
			productName = EcommerceUITests;
			productReference = 6A8D63F224EA9F7A00E087EC /* EcommerceUITests.xctest */;
			productType = "com.apple.product-type.bundle.ui-testing";
		};
/* End PBXNativeTarget section */

/* Begin PBXProject section */
		6A8D63C924EA9F7500E087EC /* Project object */ = {
			isa = PBXProject;
			attributes = {
				LastSwiftUpdateCheck = 1150;
				LastUpgradeCheck = 1150;
				ORGANIZATIONNAME = Murali;
				TargetAttributes = {
					6A8D63D024EA9F7500E087EC = {
						CreatedOnToolsVersion = 11.5;
					};
					6A8D63E624EA9F7A00E087EC = {
						CreatedOnToolsVersion = 11.5;
						TestTargetID = 6A8D63D024EA9F7500E087EC;
					};
					6A8D63F124EA9F7A00E087EC = {
						CreatedOnToolsVersion = 11.5;
						TestTargetID = 6A8D63D024EA9F7500E087EC;
					};
				};
			};
			buildConfigurationList = 6A8D63CC24EA9F7500E087EC /* Build configuration list for PBXProject "Ecommerce" */;
			compatibilityVersion = "Xcode 9.3";
			developmentRegion = en;
			hasScannedForEncodings = 0;
			knownRegions = (
				en,
				Base,
			);
			mainGroup = 6A8D63C824EA9F7500E087EC;
			productRefGroup = 6A8D63D224EA9F7500E087EC /* Products */;
			projectDirPath = "";
			projectRoot = "";
			targets = (
				6A8D63D024EA9F7500E087EC /* Ecommerce */,
				6A8D63E624EA9F7A00E087EC /* EcommerceTests */,
				6A8D63F124EA9F7A00E087EC /* EcommerceUITests */,
			);
		};
/* End PBXProject section */

/* Begin PBXResourcesBuildPhase section */
		6A8D63CF24EA9F7500E087EC /* Resources */ = {
			isa = PBXResourcesBuildPhase;
			buildActionMask = 2147483647;
			files = (
				6A8D63E124EA9F7A00E087EC /* LaunchScreen.storyboard in Resources */,
				6A0326AB24EE3FD2005D0621 /* ProductDetailViewController.storyboard in Resources */,
				6AF435BF24EC574B0056F4A0 /* CategoryTableViewCell.xib in Resources */,
				6A8D641624EAAF3000E087EC /* CategoryViewController.storyboard in Resources */,
				6A91929B24ED106E00C07C15 /* ProductCollectionCell.xib in Resources */,
				6A8D641824EAAFB500E087EC /* ProductViewController.storyboard in Resources */,
				6A8D63DE24EA9F7A00E087EC /* Assets.xcassets in Resources */,
				6A0326A224EE0FE7005D0621 /* DropDownCell.xib in Resources */,
				6A03269424ED8D0F005D0621 /* CategoryCollectionCell.xib in Resources */,
			);
			runOnlyForDeploymentPostprocessing = 0;
		};
		6A8D63E524EA9F7A00E087EC /* Resources */ = {
			isa = PBXResourcesBuildPhase;
			buildActionMask = 2147483647;
			files = (
			);
			runOnlyForDeploymentPostprocessing = 0;
		};
		6A8D63F024EA9F7A00E087EC /* Resources */ = {
			isa = PBXResourcesBuildPhase;
			buildActionMask = 2147483647;
			files = (
			);
			runOnlyForDeploymentPostprocessing = 0;
		};
/* End PBXResourcesBuildPhase section */

/* Begin PBXSourcesBuildPhase section */
		6A8D63CD24EA9F7500E087EC /* Sources */ = {
			isa = PBXSourcesBuildPhase;
			buildActionMask = 2147483647;
			files = (
				6AF435C824ECE0A10056F4A0 /* ProductInteractor.swift in Sources */,
				6A0326A524EE0FE7005D0621 /* DPDUIView+Extension.swift in Sources */,
				6AF435A924EC44510056F4A0 /* ProductsShareType+CoreDataClass.swift in Sources */,
				6A9192A224ED2E2100C07C15 /* ProductDetailViewController.swift in Sources */,
				6A0326A824EE0FE7005D0621 /* DropDownCell.swift in Sources */,
				6A0326A724EE0FE7005D0621 /* DropDown.swift in Sources */,
				6AF435A524EC44510056F4A0 /* Ranking+CoreDataClass.swift in Sources */,
				6A9192A924ED428200C07C15 /* ProductDetailPresenter.swift in Sources */,
				6AF435A824EC44510056F4A0 /* Variants+CoreDataProperties.swift in Sources */,
				6A80016024EACF98009A372E /* Network.swift in Sources */,
				6AF4358A24EC40CA0056F4A0 /* Ranking.swift in Sources */,
				6A80015E24EACE60009A372E /* CategoryInteractor.swift in Sources */,
				6A91929D24ED11E600C07C15 /* CustomCollectionViewFlowLayout.swift in Sources */,
				6AF435AB24EC44510056F4A0 /* Category+CoreDataClass.swift in Sources */,
				6AF435AC24EC44510056F4A0 /* Category+CoreDataProperties.swift in Sources */,
				6A91929A24ED106E00C07C15 /* ProductCollectionCell.swift in Sources */,
				6A0326A324EE0FE7005D0621 /* DPDKeyboardListener.swift in Sources */,
				6A0326AD24EE76C6005D0621 /* ColorSupport.swift in Sources */,
				6A8D640B24EAA4C100E087EC /* CategoryViewController.swift in Sources */,
				6A8D640524EAA30B00E087EC /* MainCoordinator.swift in Sources */,
				6A91929F24ED2DB200C07C15 /* ProductDetailCoordinator.swift in Sources */,
				6A943EC024EAEAA600EE52D4 /* CategoryPresenter.swift in Sources */,
				6AF435BB24EC54AD0056F4A0 /* Constant.swift in Sources */,
				6A9192AB24ED475A00C07C15 /* LocalProductDetailWorker.swift in Sources */,
				6A9192A724ED426A00C07C15 /* ProductDetailInteractor.swift in Sources */,
				6A8D641324EAAB9800E087EC /* StoryBoardExtension.swift in Sources */,
				6A8D63D524EA9F7500E087EC /* AppDelegate.swift in Sources */,
				6A8D640D24EAA4DF00E087EC /* ProductViewController.swift in Sources */,
				6A03269324ED8D0F005D0621 /* CategoryCollectionCell.swift in Sources */,
				6A0326A924EE0FE7005D0621 /* DropDown+Appearance.swift in Sources */,
				6AF435B024EC44510056F4A0 /* ChildCategory+CoreDataProperties.swift in Sources */,
				6AF435B524EC44510056F4A0 /* Tax+CoreDataClass.swift in Sources */,
				6AF435D424ECFF1D0056F4A0 /* ProductWorker.swift in Sources */,
				6A80016324EAD743009A372E /* Categories.swift in Sources */,
				6AF435B624EC44510056F4A0 /* Tax+CoreDataProperties.swift in Sources */,
				6AF435B424EC44510056F4A0 /* ProductsViewType+CoreDataProperties.swift in Sources */,
				6AF435B924EC547C0056F4A0 /* DisplayLogic.swift in Sources */,
				6AF435AE24EC44510056F4A0 /* Products+CoreDataProperties.swift in Sources */,
				6AF435CA24ECE0C20056F4A0 /* ProductPresenter.swift in Sources */,
				6A943EC324EAF5EE00EE52D4 /* LoadingView.swift in Sources */,
				6AF4352224EC22B90056F4A0 /* PersistentStorageManager.swift in Sources */,
				6AF435AF24EC44510056F4A0 /* ChildCategory+CoreDataClass.swift in Sources */,
				6AF435AD24EC44510056F4A0 /* Products+CoreDataClass.swift in Sources */,
				6A8D640F24EAA68000E087EC /* CategoryCoordinator.swift in Sources */,
				6A8D640824EAA3D500E087EC /* Coordinator.swift in Sources */,
				6A943EC624EC030C00EE52D4 /* CoreDataModel.xcdatamodeld in Sources */,
				6AF435D124ECFEA90056F4A0 /* CategoryWorker.swift in Sources */,
				6AF435BE24EC574B0056F4A0 /* CategoryTableViewCell.swift in Sources */,
				6AF435B224EC44510056F4A0 /* ProductsOrderType+CoreDataProperties.swift in Sources */,
				6AF435B324EC44510056F4A0 /* ProductsViewType+CoreDataClass.swift in Sources */,
				6A0326A424EE0FE7005D0621 /* DPDConstants.swift in Sources */,
				6AF435A724EC44510056F4A0 /* Variants+CoreDataClass.swift in Sources */,
				6AF435B124EC44510056F4A0 /* ProductsOrderType+CoreDataClass.swift in Sources */,
				6AF435A624EC44510056F4A0 /* Ranking+CoreDataProperties.swift in Sources */,
				6A8D641124EAA7C200E087EC /* ProductCoordinator.swift in Sources */,
				6AF435AA24EC44510056F4A0 /* ProductsShareType+CoreDataProperties.swift in Sources */,
			);
			runOnlyForDeploymentPostprocessing = 0;
		};
		6A8D63E324EA9F7A00E087EC /* Sources */ = {
			isa = PBXSourcesBuildPhase;
			buildActionMask = 2147483647;
			files = (
				6A8D63EC24EA9F7A00E087EC /* EcommerceTests.swift in Sources */,
			);
			runOnlyForDeploymentPostprocessing = 0;
		};
		6A8D63EE24EA9F7A00E087EC /* Sources */ = {
			isa = PBXSourcesBuildPhase;
			buildActionMask = 2147483647;
			files = (
				6A8D63F724EA9F7A00E087EC /* EcommerceUITests.swift in Sources */,
			);
			runOnlyForDeploymentPostprocessing = 0;
		};
/* End PBXSourcesBuildPhase section */

/* Begin PBXTargetDependency section */
		6A8D63E924EA9F7A00E087EC /* PBXTargetDependency */ = {
			isa = PBXTargetDependency;
			target = 6A8D63D024EA9F7500E087EC /* Ecommerce */;
			targetProxy = 6A8D63E824EA9F7A00E087EC /* PBXContainerItemProxy */;
		};
		6A8D63F424EA9F7A00E087EC /* PBXTargetDependency */ = {
			isa = PBXTargetDependency;
			target = 6A8D63D024EA9F7500E087EC /* Ecommerce */;
			targetProxy = 6A8D63F324EA9F7A00E087EC /* PBXContainerItemProxy */;
		};
/* End PBXTargetDependency section */

/* Begin PBXVariantGroup section */
		6A8D63DF24EA9F7A00E087EC /* LaunchScreen.storyboard */ = {
			isa = PBXVariantGroup;
			children = (
				6A8D63E024EA9F7A00E087EC /* Base */,
			);
			name = LaunchScreen.storyboard;
			sourceTree = "<group>";
		};
/* End PBXVariantGroup section */

/* Begin XCBuildConfiguration section */
		6A8D63F924EA9F7A00E087EC /* Debug */ = {
			isa = XCBuildConfiguration;
			buildSettings = {
				ALWAYS_SEARCH_USER_PATHS = NO;
				CLANG_ANALYZER_NONNULL = YES;
				CLANG_ANALYZER_NUMBER_OBJECT_CONVERSION = YES_AGGRESSIVE;
				CLANG_CXX_LANGUAGE_STANDARD = "gnu++14";
				CLANG_CXX_LIBRARY = "libc++";
				CLANG_ENABLE_MODULES = YES;
				CLANG_ENABLE_OBJC_ARC = YES;
				CLANG_ENABLE_OBJC_WEAK = YES;
				CLANG_WARN_BLOCK_CAPTURE_AUTORELEASING = YES;
				CLANG_WARN_BOOL_CONVERSION = YES;
				CLANG_WARN_COMMA = YES;
				CLANG_WARN_CONSTANT_CONVERSION = YES;
				CLANG_WARN_DEPRECATED_OBJC_IMPLEMENTATIONS = YES;
				CLANG_WARN_DIRECT_OBJC_ISA_USAGE = YES_ERROR;
				CLANG_WARN_DOCUMENTATION_COMMENTS = YES;
				CLANG_WARN_EMPTY_BODY = YES;
				CLANG_WARN_ENUM_CONVERSION = YES;
				CLANG_WARN_INFINITE_RECURSION = YES;
				CLANG_WARN_INT_CONVERSION = YES;
				CLANG_WARN_NON_LITERAL_NULL_CONVERSION = YES;
				CLANG_WARN_OBJC_IMPLICIT_RETAIN_SELF = YES;
				CLANG_WARN_OBJC_LITERAL_CONVERSION = YES;
				CLANG_WARN_OBJC_ROOT_CLASS = YES_ERROR;
				CLANG_WARN_RANGE_LOOP_ANALYSIS = YES;
				CLANG_WARN_STRICT_PROTOTYPES = YES;
				CLANG_WARN_SUSPICIOUS_MOVE = YES;
				CLANG_WARN_UNGUARDED_AVAILABILITY = YES_AGGRESSIVE;
				CLANG_WARN_UNREACHABLE_CODE = YES;
				CLANG_WARN__DUPLICATE_METHOD_MATCH = YES;
				COPY_PHASE_STRIP = NO;
				DEBUG_INFORMATION_FORMAT = dwarf;
				ENABLE_STRICT_OBJC_MSGSEND = YES;
				ENABLE_TESTABILITY = YES;
				GCC_C_LANGUAGE_STANDARD = gnu11;
				GCC_DYNAMIC_NO_PIC = NO;
				GCC_NO_COMMON_BLOCKS = YES;
				GCC_OPTIMIZATION_LEVEL = 0;
				GCC_PREPROCESSOR_DEFINITIONS = (
					"DEBUG=1",
					"$(inherited)",
				);
				GCC_WARN_64_TO_32_BIT_CONVERSION = YES;
				GCC_WARN_ABOUT_RETURN_TYPE = YES_ERROR;
				GCC_WARN_UNDECLARED_SELECTOR = YES;
				GCC_WARN_UNINITIALIZED_AUTOS = YES_AGGRESSIVE;
				GCC_WARN_UNUSED_FUNCTION = YES;
				GCC_WARN_UNUSED_VARIABLE = YES;
				IPHONEOS_DEPLOYMENT_TARGET = 13.5;
				MTL_ENABLE_DEBUG_INFO = INCLUDE_SOURCE;
				MTL_FAST_MATH = YES;
				ONLY_ACTIVE_ARCH = YES;
				SDKROOT = iphoneos;
				SWIFT_ACTIVE_COMPILATION_CONDITIONS = DEBUG;
				SWIFT_OPTIMIZATION_LEVEL = "-Onone";
			};
			name = Debug;
		};
		6A8D63FA24EA9F7A00E087EC /* Release */ = {
			isa = XCBuildConfiguration;
			buildSettings = {
				ALWAYS_SEARCH_USER_PATHS = NO;
				CLANG_ANALYZER_NONNULL = YES;
				CLANG_ANALYZER_NUMBER_OBJECT_CONVERSION = YES_AGGRESSIVE;
				CLANG_CXX_LANGUAGE_STANDARD = "gnu++14";
				CLANG_CXX_LIBRARY = "libc++";
				CLANG_ENABLE_MODULES = YES;
				CLANG_ENABLE_OBJC_ARC = YES;
				CLANG_ENABLE_OBJC_WEAK = YES;
				CLANG_WARN_BLOCK_CAPTURE_AUTORELEASING = YES;
				CLANG_WARN_BOOL_CONVERSION = YES;
				CLANG_WARN_COMMA = YES;
				CLANG_WARN_CONSTANT_CONVERSION = YES;
				CLANG_WARN_DEPRECATED_OBJC_IMPLEMENTATIONS = YES;
				CLANG_WARN_DIRECT_OBJC_ISA_USAGE = YES_ERROR;
				CLANG_WARN_DOCUMENTATION_COMMENTS = YES;
				CLANG_WARN_EMPTY_BODY = YES;
				CLANG_WARN_ENUM_CONVERSION = YES;
				CLANG_WARN_INFINITE_RECURSION = YES;
				CLANG_WARN_INT_CONVERSION = YES;
				CLANG_WARN_NON_LITERAL_NULL_CONVERSION = YES;
				CLANG_WARN_OBJC_IMPLICIT_RETAIN_SELF = YES;
				CLANG_WARN_OBJC_LITERAL_CONVERSION = YES;
				CLANG_WARN_OBJC_ROOT_CLASS = YES_ERROR;
				CLANG_WARN_RANGE_LOOP_ANALYSIS = YES;
				CLANG_WARN_STRICT_PROTOTYPES = YES;
				CLANG_WARN_SUSPICIOUS_MOVE = YES;
				CLANG_WARN_UNGUARDED_AVAILABILITY = YES_AGGRESSIVE;
				CLANG_WARN_UNREACHABLE_CODE = YES;
				CLANG_WARN__DUPLICATE_METHOD_MATCH = YES;
				COPY_PHASE_STRIP = NO;
				DEBUG_INFORMATION_FORMAT = "dwarf-with-dsym";
				ENABLE_NS_ASSERTIONS = NO;
				ENABLE_STRICT_OBJC_MSGSEND = YES;
				GCC_C_LANGUAGE_STANDARD = gnu11;
				GCC_NO_COMMON_BLOCKS = YES;
				GCC_WARN_64_TO_32_BIT_CONVERSION = YES;
				GCC_WARN_ABOUT_RETURN_TYPE = YES_ERROR;
				GCC_WARN_UNDECLARED_SELECTOR = YES;
				GCC_WARN_UNINITIALIZED_AUTOS = YES_AGGRESSIVE;
				GCC_WARN_UNUSED_FUNCTION = YES;
				GCC_WARN_UNUSED_VARIABLE = YES;
				IPHONEOS_DEPLOYMENT_TARGET = 13.5;
				MTL_ENABLE_DEBUG_INFO = NO;
				MTL_FAST_MATH = YES;
				SDKROOT = iphoneos;
				SWIFT_COMPILATION_MODE = wholemodule;
				SWIFT_OPTIMIZATION_LEVEL = "-O";
				VALIDATE_PRODUCT = YES;
			};
			name = Release;
		};
		6A8D63FC24EA9F7A00E087EC /* Debug */ = {
			isa = XCBuildConfiguration;
			buildSettings = {
				ASSETCATALOG_COMPILER_APPICON_NAME = AppIcon;
				CODE_SIGN_STYLE = Automatic;
				DEVELOPMENT_TEAM = BF6G36ZCBW;
				INFOPLIST_FILE = Ecommerce/Info.plist;
				IPHONEOS_DEPLOYMENT_TARGET = 13.0;
				LD_RUNPATH_SEARCH_PATHS = (
					"$(inherited)",
					"@executable_path/Frameworks",
				);
				PRODUCT_BUNDLE_IDENTIFIER = com.murali.ecommerce.Ecommerce;
				PRODUCT_NAME = "$(TARGET_NAME)";
				SWIFT_VERSION = 5.0;
				TARGETED_DEVICE_FAMILY = "1,2";
			};
			name = Debug;
		};
		6A8D63FD24EA9F7A00E087EC /* Release */ = {
			isa = XCBuildConfiguration;
			buildSettings = {
				ASSETCATALOG_COMPILER_APPICON_NAME = AppIcon;
				CODE_SIGN_STYLE = Automatic;
				DEVELOPMENT_TEAM = BF6G36ZCBW;
				INFOPLIST_FILE = Ecommerce/Info.plist;
				IPHONEOS_DEPLOYMENT_TARGET = 13.0;
				LD_RUNPATH_SEARCH_PATHS = (
					"$(inherited)",
					"@executable_path/Frameworks",
				);
				PRODUCT_BUNDLE_IDENTIFIER = com.murali.ecommerce.Ecommerce;
				PRODUCT_NAME = "$(TARGET_NAME)";
				SWIFT_VERSION = 5.0;
				TARGETED_DEVICE_FAMILY = "1,2";
			};
			name = Release;
		};
		6A8D63FF24EA9F7A00E087EC /* Debug */ = {
			isa = XCBuildConfiguration;
			buildSettings = {
				ALWAYS_EMBED_SWIFT_STANDARD_LIBRARIES = YES;
				BUNDLE_LOADER = "$(TEST_HOST)";
				CODE_SIGN_STYLE = Automatic;
				DEVELOPMENT_TEAM = BF6G36ZCBW;
				INFOPLIST_FILE = EcommerceTests/Info.plist;
				IPHONEOS_DEPLOYMENT_TARGET = 13.5;
				LD_RUNPATH_SEARCH_PATHS = (
					"$(inherited)",
					"@executable_path/Frameworks",
					"@loader_path/Frameworks",
				);
				PRODUCT_BUNDLE_IDENTIFIER = com.murali.ecommerce.EcommerceTests;
				PRODUCT_NAME = "$(TARGET_NAME)";
				SWIFT_VERSION = 5.0;
				TARGETED_DEVICE_FAMILY = "1,2";
				TEST_HOST = "$(BUILT_PRODUCTS_DIR)/Ecommerce.app/Ecommerce";
			};
			name = Debug;
		};
		6A8D640024EA9F7A00E087EC /* Release */ = {
			isa = XCBuildConfiguration;
			buildSettings = {
				ALWAYS_EMBED_SWIFT_STANDARD_LIBRARIES = YES;
				BUNDLE_LOADER = "$(TEST_HOST)";
				CODE_SIGN_STYLE = Automatic;
				DEVELOPMENT_TEAM = BF6G36ZCBW;
				INFOPLIST_FILE = EcommerceTests/Info.plist;
				IPHONEOS_DEPLOYMENT_TARGET = 13.5;
				LD_RUNPATH_SEARCH_PATHS = (
					"$(inherited)",
					"@executable_path/Frameworks",
					"@loader_path/Frameworks",
				);
				PRODUCT_BUNDLE_IDENTIFIER = com.murali.ecommerce.EcommerceTests;
				PRODUCT_NAME = "$(TARGET_NAME)";
				SWIFT_VERSION = 5.0;
				TARGETED_DEVICE_FAMILY = "1,2";
				TEST_HOST = "$(BUILT_PRODUCTS_DIR)/Ecommerce.app/Ecommerce";
			};
			name = Release;
		};
		6A8D640224EA9F7A00E087EC /* Debug */ = {
			isa = XCBuildConfiguration;
			buildSettings = {
				ALWAYS_EMBED_SWIFT_STANDARD_LIBRARIES = YES;
				CODE_SIGN_STYLE = Automatic;
				DEVELOPMENT_TEAM = BF6G36ZCBW;
				INFOPLIST_FILE = EcommerceUITests/Info.plist;
				LD_RUNPATH_SEARCH_PATHS = (
					"$(inherited)",
					"@executable_path/Frameworks",
					"@loader_path/Frameworks",
				);
				PRODUCT_BUNDLE_IDENTIFIER = com.murali.ecommerce.EcommerceUITests;
				PRODUCT_NAME = "$(TARGET_NAME)";
				SWIFT_VERSION = 5.0;
				TARGETED_DEVICE_FAMILY = "1,2";
				TEST_TARGET_NAME = Ecommerce;
			};
			name = Debug;
		};
		6A8D640324EA9F7A00E087EC /* Release */ = {
			isa = XCBuildConfiguration;
			buildSettings = {
				ALWAYS_EMBED_SWIFT_STANDARD_LIBRARIES = YES;
				CODE_SIGN_STYLE = Automatic;
				DEVELOPMENT_TEAM = BF6G36ZCBW;
				INFOPLIST_FILE = EcommerceUITests/Info.plist;
				LD_RUNPATH_SEARCH_PATHS = (
					"$(inherited)",
					"@executable_path/Frameworks",
					"@loader_path/Frameworks",
				);
				PRODUCT_BUNDLE_IDENTIFIER = com.murali.ecommerce.EcommerceUITests;
				PRODUCT_NAME = "$(TARGET_NAME)";
				SWIFT_VERSION = 5.0;
				TARGETED_DEVICE_FAMILY = "1,2";
				TEST_TARGET_NAME = Ecommerce;
			};
			name = Release;
		};
/* End XCBuildConfiguration section */

/* Begin XCConfigurationList section */
		6A8D63CC24EA9F7500E087EC /* Build configuration list for PBXProject "Ecommerce" */ = {
			isa = XCConfigurationList;
			buildConfigurations = (
				6A8D63F924EA9F7A00E087EC /* Debug */,
				6A8D63FA24EA9F7A00E087EC /* Release */,
			);
			defaultConfigurationIsVisible = 0;
			defaultConfigurationName = Release;
		};
		6A8D63FB24EA9F7A00E087EC /* Build configuration list for PBXNativeTarget "Ecommerce" */ = {
			isa = XCConfigurationList;
			buildConfigurations = (
				6A8D63FC24EA9F7A00E087EC /* Debug */,
				6A8D63FD24EA9F7A00E087EC /* Release */,
			);
			defaultConfigurationIsVisible = 0;
			defaultConfigurationName = Release;
		};
		6A8D63FE24EA9F7A00E087EC /* Build configuration list for PBXNativeTarget "EcommerceTests" */ = {
			isa = XCConfigurationList;
			buildConfigurations = (
				6A8D63FF24EA9F7A00E087EC /* Debug */,
				6A8D640024EA9F7A00E087EC /* Release */,
			);
			defaultConfigurationIsVisible = 0;
			defaultConfigurationName = Release;
		};
		6A8D640124EA9F7A00E087EC /* Build configuration list for PBXNativeTarget "EcommerceUITests" */ = {
			isa = XCConfigurationList;
			buildConfigurations = (
				6A8D640224EA9F7A00E087EC /* Debug */,
				6A8D640324EA9F7A00E087EC /* Release */,
			);
			defaultConfigurationIsVisible = 0;
			defaultConfigurationName = Release;
		};
/* End XCConfigurationList section */

/* Begin XCVersionGroup section */
		6A943EC424EC030C00EE52D4 /* CoreDataModel.xcdatamodeld */ = {
			isa = XCVersionGroup;
			children = (
				6A943EC524EC030C00EE52D4 /* CoreDataModel.xcdatamodel */,
			);
			currentVersion = 6A943EC524EC030C00EE52D4 /* CoreDataModel.xcdatamodel */;
			path = CoreDataModel.xcdatamodeld;
			sourceTree = "<group>";
			versionGroupType = wrapper.xcdatamodel;
		};
/* End XCVersionGroup section */
	};
	rootObject = 6A8D63C924EA9F7500E087EC /* Project object */;
}
